
Microsoft Visual Studio Solution File, Format Version 12.00
# Visual Studio Version 16
VisualStudioVersion = 16.0.29728.190
MinimumVisualStudioVersion = 10.0.40219.1
Project("{FAE04EC0-301F-11D3-BF4B-00C04F79EFBC}") = "EmpleadoEntityMVC", "EmpleadoEntityMVC\EmpleadoEntityMVC.csproj", "{1A12328C-74A0-42E8-87D2-58CE34240103}"
EndProject
Global
	GlobalSection(SolutionConfigurationPlatforms) = preSolution
		Debug|Any CPU = Debug|Any CPU
		Release|Any CPU = Release|Any CPU
	EndGlobalSection
	GlobalSection(ProjectConfigurationPlatforms) = postSolution
		{1A12328C-74A0-42E8-87D2-58CE34240103}.Debug|Any CPU.ActiveCfg = Debug|Any CPU
		{1A12328C-74A0-42E8-87D2-58CE34240103}.Debug|Any CPU.Build.0 = Debug|Any CPU
		{1A12328C-74A0-42E8-87D2-58CE34240103}.Release|Any CPU.ActiveCfg = Release|Any CPU
		{1A12328C-74A0-42E8-87D2-58CE34240103}.Release|Any CPU.Build.0 = Release|Any CPU
	EndGlobalSection
	GlobalSection(SolutionProperties) = preSolution
		HideSolutionNode = FALSE
	EndGlobalSection
	GlobalSection(ExtensibilityGlobals) = postSolution
		SolutionGuid = {0329E8C4-1217-4469-BFF6-ACC1B23A5224}
	EndGlobalSection
EndGlobal
